
Microsoft Visual Studio Solution File, Format Version 12.00
# Visual Studio 15
VisualStudioVersion = 15.0.28307.421
MinimumVisualStudioVersion = 10.0.40219.1
Project("{FAE04EC0-301F-11D3-BF4B-00C04F79EFBC}") = "JungleOverload", "JungleOverload\JungleOverload.csproj", "{E6C65242-0496-4162-B2AC-90FBAB1E08A1}"
EndProject
Global
	GlobalSection(SolutionConfigurationPlatforms) = preSolution
		Debug|Any CPU = Debug|Any CPU
		Release|Any CPU = Release|Any CPU
	EndGlobalSection
	GlobalSection(ProjectConfigurationPlatforms) = postSolution
		{E6C65242-0496-4162-B2AC-90FBAB1E08A1}.Debug|Any CPU.ActiveCfg = Debug|Any CPU
		{E6C65242-0496-4162-B2AC-90FBAB1E08A1}.Debug|Any CPU.Build.0 = Debug|Any CPU
		{E6C65242-0496-4162-B2AC-90FBAB1E08A1}.Release|Any CPU.ActiveCfg = Release|Any CPU
		{E6C65242-0496-4162-B2AC-90FBAB1E08A1}.Release|Any CPU.Build.0 = Release|Any CPU
	EndGlobalSection
	GlobalSection(SolutionProperties) = preSolution
		HideSolutionNode = FALSE
	EndGlobalSection
	GlobalSection(ExtensibilityGlobals) = postSolution
		SolutionGuid = {F24C4200-39CA-4A5B-A506-51FF2BAD3A42}
	EndGlobalSection
EndGlobal
